
Microsoft Visual Studio Solution File, Format Version 12.00
# Visual Studio Version 16
VisualStudioVersion = 16.0.29025.244
MinimumVisualStudioVersion = 10.0.40219.1
Project("{9A19103F-16F7-4668-BE54-9A1E7A4F7556}") = "AdminPanel", "..\AdminPanel\AdminPanel.csproj", "{9ABD7BF1-08D3-4E95-917E-E19C33EACD2C}"
EndProject
Project("{9A19103F-16F7-4668-BE54-9A1E7A4F7556}") = "Faucet4u", "..\Faucet4u\Faucet4u.csproj", "{CA991B48-FFBA-4F93-9040-E08F6182F55D}"
EndProject
Project("{2150E333-8FDC-42A3-9474-1A3956D46DE8}") = "Solution Items", "Solution Items", "{8E181D8D-BBF9-48CB-AA03-0190DDD26D47}"
	ProjectSection(SolutionItems) = preProject
		..\Solution Items\BackupCode.txt = ..\Solution Items\BackupCode.txt
		..\Solution Items\Database.sql = ..\Solution Items\Database.sql
	EndProjectSection
EndProject
Project("{9092AA53-FB77-4645-B42D-1CCCA6BD08BD}") = "CronJobs", "..\CronJobs\CronJobs.njsproj", "{FAF93F3B-9E44-4F4F-91DE-B76C66B010BC}"
EndProject
Project("{9092AA53-FB77-4645-B42D-1CCCA6BD08BD}") = "Sockets", "..\Sockets\Sockets.njsproj", "{36D7AF29-E129-41E4-8F91-1C8E34931131}"
EndProject
Global
	GlobalSection(SolutionConfigurationPlatforms) = preSolution
		Debug|Any CPU = Debug|Any CPU
		Release|Any CPU = Release|Any CPU
	EndGlobalSection
	GlobalSection(ProjectConfigurationPlatforms) = postSolution
		{9ABD7BF1-08D3-4E95-917E-E19C33EACD2C}.Debug|Any CPU.ActiveCfg = Debug|Any CPU
		{9ABD7BF1-08D3-4E95-917E-E19C33EACD2C}.Debug|Any CPU.Build.0 = Debug|Any CPU
		{9ABD7BF1-08D3-4E95-917E-E19C33EACD2C}.Release|Any CPU.ActiveCfg = Release|Any CPU
		{9ABD7BF1-08D3-4E95-917E-E19C33EACD2C}.Release|Any CPU.Build.0 = Release|Any CPU
		{CA991B48-FFBA-4F93-9040-E08F6182F55D}.Debug|Any CPU.ActiveCfg = Debug|Any CPU
		{CA991B48-FFBA-4F93-9040-E08F6182F55D}.Debug|Any CPU.Build.0 = Debug|Any CPU
		{CA991B48-FFBA-4F93-9040-E08F6182F55D}.Release|Any CPU.ActiveCfg = Release|Any CPU
		{CA991B48-FFBA-4F93-9040-E08F6182F55D}.Release|Any CPU.Build.0 = Release|Any CPU
		{FAF93F3B-9E44-4F4F-91DE-B76C66B010BC}.Debug|Any CPU.ActiveCfg = Debug|Any CPU
		{FAF93F3B-9E44-4F4F-91DE-B76C66B010BC}.Debug|Any CPU.Build.0 = Debug|Any CPU
		{FAF93F3B-9E44-4F4F-91DE-B76C66B010BC}.Release|Any CPU.ActiveCfg = Release|Any CPU
		{FAF93F3B-9E44-4F4F-91DE-B76C66B010BC}.Release|Any CPU.Build.0 = Release|Any CPU
		{36D7AF29-E129-41E4-8F91-1C8E34931131}.Debug|Any CPU.ActiveCfg = Debug|Any CPU
		{36D7AF29-E129-41E4-8F91-1C8E34931131}.Debug|Any CPU.Build.0 = Debug|Any CPU
		{36D7AF29-E129-41E4-8F91-1C8E34931131}.Release|Any CPU.ActiveCfg = Release|Any CPU
		{36D7AF29-E129-41E4-8F91-1C8E34931131}.Release|Any CPU.Build.0 = Release|Any CPU
	EndGlobalSection
	GlobalSection(SolutionProperties) = preSolution
		HideSolutionNode = FALSE
	EndGlobalSection
	GlobalSection(ExtensibilityGlobals) = postSolution
		SolutionGuid = {D1787801-B92F-4CC5-A117-C87084CF97B3}
	EndGlobalSection
EndGlobal
