
Microsoft Visual Studio Solution File, Format Version 12.00
# Visual Studio Version 16
VisualStudioVersion = 16.0.29025.244
MinimumVisualStudioVersion = 10.0.40219.1
Project("{9092AA53-FB77-4645-B42D-1CCCA6BD08BD}") = "FrontEndAssistant", "..\..\FrontEndAssistant\FrontEndAssistant.njsproj", "{09F2ECF9-E1CE-4235-9E8B-2698A71D9943}"
EndProject
Project("{9092AA53-FB77-4645-B42D-1CCCA6BD08BD}") = "PTP", "..\..\PTP\PTP.njsproj", "{50A749DE-8B35-4BD1-AEE9-B896C9ECBF82}"
EndProject
Global
	GlobalSection(SolutionConfigurationPlatforms) = preSolution
		Debug|Any CPU = Debug|Any CPU
		Release|Any CPU = Release|Any CPU
	EndGlobalSection
	GlobalSection(ProjectConfigurationPlatforms) = postSolution
		{09F2ECF9-E1CE-4235-9E8B-2698A71D9943}.Debug|Any CPU.ActiveCfg = Debug|Any CPU
		{09F2ECF9-E1CE-4235-9E8B-2698A71D9943}.Debug|Any CPU.Build.0 = Debug|Any CPU
		{09F2ECF9-E1CE-4235-9E8B-2698A71D9943}.Release|Any CPU.ActiveCfg = Release|Any CPU
		{09F2ECF9-E1CE-4235-9E8B-2698A71D9943}.Release|Any CPU.Build.0 = Release|Any CPU
		{50A749DE-8B35-4BD1-AEE9-B896C9ECBF82}.Debug|Any CPU.ActiveCfg = Debug|Any CPU
		{50A749DE-8B35-4BD1-AEE9-B896C9ECBF82}.Debug|Any CPU.Build.0 = Debug|Any CPU
		{50A749DE-8B35-4BD1-AEE9-B896C9ECBF82}.Release|Any CPU.ActiveCfg = Release|Any CPU
		{50A749DE-8B35-4BD1-AEE9-B896C9ECBF82}.Release|Any CPU.Build.0 = Release|Any CPU
	EndGlobalSection
	GlobalSection(SolutionProperties) = preSolution
		HideSolutionNode = FALSE
	EndGlobalSection
	GlobalSection(ExtensibilityGlobals) = postSolution
		SolutionGuid = {9B523A30-BDC4-40C6-8373-62B48DB34125}
	EndGlobalSection
EndGlobal
